// !$*UTF8*$!
{
	archiveVersion = 1;
	classes = {
	};
	objectVersion = 50;
	objects = {

/* Begin PBXBuildFile section */
		3D06516626C589A8007A75A1 /* ResultViewController.swift in Sources */ = {isa = PBXBuildFile; fileRef = 3D06516526C589A8007A75A1 /* ResultViewController.swift */; };
		3D06516826C58F96007A75A1 /* StartViewController.swift in Sources */ = {isa = PBXBuildFile; fileRef = 3D06516726C58F96007A75A1 /* StartViewController.swift */; };
		3D8AAF9826C563F6000667A0 /* AppDelegate.swift in Sources */ = {isa = PBXBuildFile; fileRef = 3D8AAF9726C563F6000667A0 /* AppDelegate.swift */; };
		3D8AAF9A26C563F6000667A0 /* SceneDelegate.swift in Sources */ = {isa = PBXBuildFile; fileRef = 3D8AAF9926C563F6000667A0 /* SceneDelegate.swift */; };
		3D8AAF9F26C563F6000667A0 /* Main.storyboard in Resources */ = {isa = PBXBuildFile; fileRef = 3D8AAF9D26C563F6000667A0 /* Main.storyboard */; };
		3D8AAFA126C563FB000667A0 /* Assets.xcassets in Resources */ = {isa = PBXBuildFile; fileRef = 3D8AAFA026C563FB000667A0 /* Assets.xcassets */; };
		3D8AAFA426C563FB000667A0 /* LaunchScreen.storyboard in Resources */ = {isa = PBXBuildFile; fileRef = 3D8AAFA226C563FB000667A0 /* LaunchScreen.storyboard */; };
		3D8AAFBD26C564E4000667A0 /* GPUImage.framework in Frameworks */ = {isa = PBXBuildFile; fileRef = 3D8AAFB726C564A0000667A0 /* GPUImage.framework */; };
		3D8AAFBF26C5650E000667A0 /* GPUImage.framework in CopyFiles */ = {isa = PBXBuildFile; fileRef = 3D8AAFB726C564A0000667A0 /* GPUImage.framework */; settings = {ATTRIBUTES = (CodeSignOnCopy, RemoveHeadersOnCopy, ); }; };
/* End PBXBuildFile section */

/* Begin PBXContainerItemProxy section */
		3D8AAFB226C564A0000667A0 /* PBXContainerItemProxy */ = {
			isa = PBXContainerItemProxy;
			containerPortal = 3D8AAFAB26C564A0000667A0 /* GPUImage.xcodeproj */;
			proxyType = 2;
			remoteGlobalIDString = BC6E7CAB1C39A9D8006DF678;
			remoteInfo = GPUImage_macOS;
		};
		3D8AAFB426C564A0000667A0 /* PBXContainerItemProxy */ = {
			isa = PBXContainerItemProxy;
			containerPortal = 3D8AAFAB26C564A0000667A0 /* GPUImage.xcodeproj */;
			proxyType = 2;
			remoteGlobalIDString = BC6E7CB51C39A9D8006DF678;
			remoteInfo = GPUImageTests_macOS;
		};
		3D8AAFB626C564A0000667A0 /* PBXContainerItemProxy */ = {
			isa = PBXContainerItemProxy;
			containerPortal = 3D8AAFAB26C564A0000667A0 /* GPUImage.xcodeproj */;
			proxyType = 2;
			remoteGlobalIDString = BC9E34E91E524A2200B8604F;
			remoteInfo = GPUImage_iOS;
		};
		3D8AAFB826C564A0000667A0 /* PBXContainerItemProxy */ = {
			isa = PBXContainerItemProxy;
			containerPortal = 3D8AAFAB26C564A0000667A0 /* GPUImage.xcodeproj */;
			proxyType = 2;
			remoteGlobalIDString = BC9E34F11E524A2200B8604F;
			remoteInfo = GPUImageTests_iOS;
		};
		3D8AAFBA26C564BE000667A0 /* PBXContainerItemProxy */ = {
			isa = PBXContainerItemProxy;
			containerPortal = 3D8AAFAB26C564A0000667A0 /* GPUImage.xcodeproj */;
			proxyType = 1;
			remoteGlobalIDString = BC9E34E81E524A2200B8604F;
			remoteInfo = GPUImage_iOS;
		};
/* End PBXContainerItemProxy section */

/* Begin PBXCopyFilesBuildPhase section */
		3D8AAFBE26C564F0000667A0 /* CopyFiles */ = {
			isa = PBXCopyFilesBuildPhase;
			buildActionMask = 2147483647;
			dstPath = "";
			dstSubfolderSpec = 10;
			files = (
				3D8AAFBF26C5650E000667A0 /* GPUImage.framework in CopyFiles */,
			);
			runOnlyForDeploymentPostprocessing = 0;
		};
/* End PBXCopyFilesBuildPhase section */

/* Begin PBXFileReference section */
		3D06516526C589A8007A75A1 /* ResultViewController.swift */ = {isa = PBXFileReference; lastKnownFileType = sourcecode.swift; path = ResultViewController.swift; sourceTree = "<group>"; };
		3D06516726C58F96007A75A1 /* StartViewController.swift */ = {isa = PBXFileReference; lastKnownFileType = sourcecode.swift; path = StartViewController.swift; sourceTree = "<group>"; };
		3D8AAF9426C563F6000667A0 /* EdgeDetection.app */ = {isa = PBXFileReference; explicitFileType = wrapper.application; includeInIndex = 0; path = EdgeDetection.app; sourceTree = BUILT_PRODUCTS_DIR; };
		3D8AAF9726C563F6000667A0 /* AppDelegate.swift */ = {isa = PBXFileReference; lastKnownFileType = sourcecode.swift; path = AppDelegate.swift; sourceTree = "<group>"; };
		3D8AAF9926C563F6000667A0 /* SceneDelegate.swift */ = {isa = PBXFileReference; lastKnownFileType = sourcecode.swift; path = SceneDelegate.swift; sourceTree = "<group>"; };
		3D8AAF9E26C563F6000667A0 /* Base */ = {isa = PBXFileReference; lastKnownFileType = file.storyboard; name = Base; path = Base.lproj/Main.storyboard; sourceTree = "<group>"; };
		3D8AAFA026C563FB000667A0 /* Assets.xcassets */ = {isa = PBXFileReference; lastKnownFileType = folder.assetcatalog; path = Assets.xcassets; sourceTree = "<group>"; };
		3D8AAFA326C563FB000667A0 /* Base */ = {isa = PBXFileReference; lastKnownFileType = file.storyboard; name = Base; path = Base.lproj/LaunchScreen.storyboard; sourceTree = "<group>"; };
		3D8AAFA526C563FB000667A0 /* Info.plist */ = {isa = PBXFileReference; lastKnownFileType = text.plist.xml; path = Info.plist; sourceTree = "<group>"; };
		3D8AAFAB26C564A0000667A0 /* GPUImage.xcodeproj */ = {isa = PBXFileReference; lastKnownFileType = "wrapper.pb-project"; name = GPUImage.xcodeproj; path = "../../../Downloads/GPUImage2-master/framework/GPUImage.xcodeproj"; sourceTree = "<group>"; };
/* End PBXFileReference section */

/* Begin PBXFrameworksBuildPhase section */
		3D8AAF9126C563F6000667A0 /* Frameworks */ = {
			isa = PBXFrameworksBuildPhase;
			buildActionMask = 2147483647;
			files = (
				3D8AAFBD26C564E4000667A0 /* GPUImage.framework in Frameworks */,
			);
			runOnlyForDeploymentPostprocessing = 0;
		};
/* End PBXFrameworksBuildPhase section */

/* Begin PBXGroup section */
		3D8AAF8B26C563F6000667A0 = {
			isa = PBXGroup;
			children = (
				3D8AAFAB26C564A0000667A0 /* GPUImage.xcodeproj */,
				3D8AAF9626C563F6000667A0 /* EdgeDetection */,
				3D8AAF9526C563F6000667A0 /* Products */,
				3D8AAFBC26C564E4000667A0 /* Frameworks */,
			);
			sourceTree = "<group>";
		};
		3D8AAF9526C563F6000667A0 /* Products */ = {
			isa = PBXGroup;
			children = (
				3D8AAF9426C563F6000667A0 /* EdgeDetection.app */,
			);
			name = Products;
			sourceTree = "<group>";
		};
		3D8AAF9626C563F6000667A0 /* EdgeDetection */ = {
			isa = PBXGroup;
			children = (
				3D8AAF9726C563F6000667A0 /* AppDelegate.swift */,
				3D8AAF9926C563F6000667A0 /* SceneDelegate.swift */,
				3D8AAF9D26C563F6000667A0 /* Main.storyboard */,
				3D8AAFA026C563FB000667A0 /* Assets.xcassets */,
				3D8AAFA226C563FB000667A0 /* LaunchScreen.storyboard */,
				3D8AAFA526C563FB000667A0 /* Info.plist */,
				3D06516526C589A8007A75A1 /* ResultViewController.swift */,
				3D06516726C58F96007A75A1 /* StartViewController.swift */,
			);
			path = EdgeDetection;
			sourceTree = "<group>";
		};
		3D8AAFAC26C564A0000667A0 /* Products */ = {
			isa = PBXGroup;
			children = (
				3D8AAFB326C564A0000667A0 /* GPUImage.framework */,
				3D8AAFB526C564A0000667A0 /* GPUImageTests_macOS.xctest */,
				3D8AAFB726C564A0000667A0 /* GPUImage.framework */,
				3D8AAFB926C564A0000667A0 /* GPUImageTests_iOS.xctest */,
			);
			name = Products;
			sourceTree = "<group>";
		};
		3D8AAFBC26C564E4000667A0 /* Frameworks */ = {
			isa = PBXGroup;
			children = (
			);
			name = Frameworks;
			sourceTree = "<group>";
		};
/* End PBXGroup section */

/* Begin PBXNativeTarget section */
		3D8AAF9326C563F6000667A0 /* EdgeDetection */ = {
			isa = PBXNativeTarget;
			buildConfigurationList = 3D8AAFA826C563FB000667A0 /* Build configuration list for PBXNativeTarget "EdgeDetection" */;
			buildPhases = (
				3D8AAF9026C563F6000667A0 /* Sources */,
				3D8AAF9126C563F6000667A0 /* Frameworks */,
				3D8AAF9226C563F6000667A0 /* Resources */,
				3D8AAFBE26C564F0000667A0 /* CopyFiles */,
			);
			buildRules = (
			);
			dependencies = (
				3D8AAFBB26C564BE000667A0 /* PBXTargetDependency */,
			);
			name = EdgeDetection;
			productName = EdgeDetection;
			productReference = 3D8AAF9426C563F6000667A0 /* EdgeDetection.app */;
			productType = "com.apple.product-type.application";
		};
/* End PBXNativeTarget section */

/* Begin PBXProject section */
		3D8AAF8C26C563F6000667A0 /* Project object */ = {
			isa = PBXProject;
			attributes = {
				LastSwiftUpdateCheck = 1250;
				LastUpgradeCheck = 1250;
				TargetAttributes = {
					3D8AAF9326C563F6000667A0 = {
						CreatedOnToolsVersion = 12.5.1;
					};
				};
			};
			buildConfigurationList = 3D8AAF8F26C563F6000667A0 /* Build configuration list for PBXProject "EdgeDetection" */;
			compatibilityVersion = "Xcode 9.3";
			developmentRegion = en;
			hasScannedForEncodings = 0;
			knownRegions = (
				en,
				Base,
			);
			mainGroup = 3D8AAF8B26C563F6000667A0;
			productRefGroup = 3D8AAF9526C563F6000667A0 /* Products */;
			projectDirPath = "";
			projectReferences = (
				{
					ProductGroup = 3D8AAFAC26C564A0000667A0 /* Products */;
					ProjectRef = 3D8AAFAB26C564A0000667A0 /* GPUImage.xcodeproj */;
				},
			);
			projectRoot = "";
			targets = (
				3D8AAF9326C563F6000667A0 /* EdgeDetection */,
			);
		};
/* End PBXProject section */

/* Begin PBXReferenceProxy section */
		3D8AAFB326C564A0000667A0 /* GPUImage.framework */ = {
			isa = PBXReferenceProxy;
			fileType = wrapper.framework;
			path = GPUImage.framework;
			remoteRef = 3D8AAFB226C564A0000667A0 /* PBXContainerItemProxy */;
			sourceTree = BUILT_PRODUCTS_DIR;
		};
		3D8AAFB526C564A0000667A0 /* GPUImageTests_macOS.xctest */ = {
			isa = PBXReferenceProxy;
			fileType = wrapper.cfbundle;
			path = GPUImageTests_macOS.xctest;
			remoteRef = 3D8AAFB426C564A0000667A0 /* PBXContainerItemProxy */;
			sourceTree = BUILT_PRODUCTS_DIR;
		};
		3D8AAFB726C564A0000667A0 /* GPUImage.framework */ = {
			isa = PBXReferenceProxy;
			fileType = wrapper.framework;
			path = GPUImage.framework;
			remoteRef = 3D8AAFB626C564A0000667A0 /* PBXContainerItemProxy */;
			sourceTree = BUILT_PRODUCTS_DIR;
		};
		3D8AAFB926C564A0000667A0 /* GPUImageTests_iOS.xctest */ = {
			isa = PBXReferenceProxy;
			fileType = wrapper.cfbundle;
			path = GPUImageTests_iOS.xctest;
			remoteRef = 3D8AAFB826C564A0000667A0 /* PBXContainerItemProxy */;
			sourceTree = BUILT_PRODUCTS_DIR;
		};
/* End PBXReferenceProxy section */

/* Begin PBXResourcesBuildPhase section */
		3D8AAF9226C563F6000667A0 /* Resources */ = {
			isa = PBXResourcesBuildPhase;
			buildActionMask = 2147483647;
			files = (
				3D8AAFA426C563FB000667A0 /* LaunchScreen.storyboard in Resources */,
				3D8AAFA126C563FB000667A0 /* Assets.xcassets in Resources */,
				3D8AAF9F26C563F6000667A0 /* Main.storyboard in Resources */,
			);
			runOnlyForDeploymentPostprocessing = 0;
		};
/* End PBXResourcesBuildPhase section */

/* Begin PBXSourcesBuildPhase section */
		3D8AAF9026C563F6000667A0 /* Sources */ = {
			isa = PBXSourcesBuildPhase;
			buildActionMask = 2147483647;
			files = (
				3D8AAF9826C563F6000667A0 /* AppDelegate.swift in Sources */,
				3D06516826C58F96007A75A1 /* StartViewController.swift in Sources */,
				3D8AAF9A26C563F6000667A0 /* SceneDelegate.swift in Sources */,
				3D06516626C589A8007A75A1 /* ResultViewController.swift in Sources */,
			);
			runOnlyForDeploymentPostprocessing = 0;
		};
/* End PBXSourcesBuildPhase section */

/* Begin PBXTargetDependency section */
		3D8AAFBB26C564BE000667A0 /* PBXTargetDependency */ = {
			isa = PBXTargetDependency;
			name = GPUImage_iOS;
			targetProxy = 3D8AAFBA26C564BE000667A0 /* PBXContainerItemProxy */;
		};
/* End PBXTargetDependency section */

/* Begin PBXVariantGroup section */
		3D8AAF9D26C563F6000667A0 /* Main.storyboard */ = {
			isa = PBXVariantGroup;
			children = (
				3D8AAF9E26C563F6000667A0 /* Base */,
			);
			name = Main.storyboard;
			sourceTree = "<group>";
		};
		3D8AAFA226C563FB000667A0 /* LaunchScreen.storyboard */ = {
			isa = PBXVariantGroup;
			children = (
				3D8AAFA326C563FB000667A0 /* Base */,
			);
			name = LaunchScreen.storyboard;
			sourceTree = "<group>";
		};
/* End PBXVariantGroup section */

/* Begin XCBuildConfiguration section */
		3D8AAFA626C563FB000667A0 /* Debug */ = {
			isa = XCBuildConfiguration;
			buildSettings = {
				ALWAYS_SEARCH_USER_PATHS = NO;
				CLANG_ANALYZER_NONNULL = YES;
				CLANG_ANALYZER_NUMBER_OBJECT_CONVERSION = YES_AGGRESSIVE;
				CLANG_CXX_LANGUAGE_STANDARD = "gnu++14";
				CLANG_CXX_LIBRARY = "libc++";
				CLANG_ENABLE_MODULES = YES;
				CLANG_ENABLE_OBJC_ARC = YES;
				CLANG_ENABLE_OBJC_WEAK = YES;
				CLANG_WARN_BLOCK_CAPTURE_AUTORELEASING = YES;
				CLANG_WARN_BOOL_CONVERSION = YES;
				CLANG_WARN_COMMA = YES;
				CLANG_WARN_CONSTANT_CONVERSION = YES;
				CLANG_WARN_DEPRECATED_OBJC_IMPLEMENTATIONS = YES;
				CLANG_WARN_DIRECT_OBJC_ISA_USAGE = YES_ERROR;
				CLANG_WARN_DOCUMENTATION_COMMENTS = YES;
				CLANG_WARN_EMPTY_BODY = YES;
				CLANG_WARN_ENUM_CONVERSION = YES;
				CLANG_WARN_INFINITE_RECURSION = YES;
				CLANG_WARN_INT_CONVERSION = YES;
				CLANG_WARN_NON_LITERAL_NULL_CONVERSION = YES;
				CLANG_WARN_OBJC_IMPLICIT_RETAIN_SELF = YES;
				CLANG_WARN_OBJC_LITERAL_CONVERSION = YES;
				CLANG_WARN_OBJC_ROOT_CLASS = YES_ERROR;
				CLANG_WARN_QUOTED_INCLUDE_IN_FRAMEWORK_HEADER = YES;
				CLANG_WARN_RANGE_LOOP_ANALYSIS = YES;
				CLANG_WARN_STRICT_PROTOTYPES = YES;
				CLANG_WARN_SUSPICIOUS_MOVE = YES;
				CLANG_WARN_UNGUARDED_AVAILABILITY = YES_AGGRESSIVE;
				CLANG_WARN_UNREACHABLE_CODE = YES;
				CLANG_WARN__DUPLICATE_METHOD_MATCH = YES;
				COPY_PHASE_STRIP = NO;
				DEBUG_INFORMATION_FORMAT = dwarf;
				ENABLE_STRICT_OBJC_MSGSEND = YES;
				ENABLE_TESTABILITY = YES;
				GCC_C_LANGUAGE_STANDARD = gnu11;
				GCC_DYNAMIC_NO_PIC = NO;
				GCC_NO_COMMON_BLOCKS = YES;
				GCC_OPTIMIZATION_LEVEL = 0;
				GCC_PREPROCESSOR_DEFINITIONS = (
					"DEBUG=1",
					"$(inherited)",
				);
				GCC_WARN_64_TO_32_BIT_CONVERSION = YES;
				GCC_WARN_ABOUT_RETURN_TYPE = YES_ERROR;
				GCC_WARN_UNDECLARED_SELECTOR = YES;
				GCC_WARN_UNINITIALIZED_AUTOS = YES_AGGRESSIVE;
				GCC_WARN_UNUSED_FUNCTION = YES;
				GCC_WARN_UNUSED_VARIABLE = YES;
				IPHONEOS_DEPLOYMENT_TARGET = 14.5;
				MTL_ENABLE_DEBUG_INFO = INCLUDE_SOURCE;
				MTL_FAST_MATH = YES;
				ONLY_ACTIVE_ARCH = YES;
				SDKROOT = iphoneos;
				SWIFT_ACTIVE_COMPILATION_CONDITIONS = DEBUG;
				SWIFT_OPTIMIZATION_LEVEL = "-Onone";
			};
			name = Debug;
		};
		3D8AAFA726C563FB000667A0 /* Release */ = {
			isa = XCBuildConfiguration;
			buildSettings = {
				ALWAYS_SEARCH_USER_PATHS = NO;
				CLANG_ANALYZER_NONNULL = YES;
				CLANG_ANALYZER_NUMBER_OBJECT_CONVERSION = YES_AGGRESSIVE;
				CLANG_CXX_LANGUAGE_STANDARD = "gnu++14";
				CLANG_CXX_LIBRARY = "libc++";
				CLANG_ENABLE_MODULES = YES;
				CLANG_ENABLE_OBJC_ARC = YES;
				CLANG_ENABLE_OBJC_WEAK = YES;
				CLANG_WARN_BLOCK_CAPTURE_AUTORELEASING = YES;
				CLANG_WARN_BOOL_CONVERSION = YES;
				CLANG_WARN_COMMA = YES;
				CLANG_WARN_CONSTANT_CONVERSION = YES;
				CLANG_WARN_DEPRECATED_OBJC_IMPLEMENTATIONS = YES;
				CLANG_WARN_DIRECT_OBJC_ISA_USAGE = YES_ERROR;
				CLANG_WARN_DOCUMENTATION_COMMENTS = YES;
				CLANG_WARN_EMPTY_BODY = YES;
				CLANG_WARN_ENUM_CONVERSION = YES;
				CLANG_WARN_INFINITE_RECURSION = YES;
				CLANG_WARN_INT_CONVERSION = YES;
				CLANG_WARN_NON_LITERAL_NULL_CONVERSION = YES;
				CLANG_WARN_OBJC_IMPLICIT_RETAIN_SELF = YES;
				CLANG_WARN_OBJC_LITERAL_CONVERSION = YES;
				CLANG_WARN_OBJC_ROOT_CLASS = YES_ERROR;
				CLANG_WARN_QUOTED_INCLUDE_IN_FRAMEWORK_HEADER = YES;
				CLANG_WARN_RANGE_LOOP_ANALYSIS = YES;
				CLANG_WARN_STRICT_PROTOTYPES = YES;
				CLANG_WARN_SUSPICIOUS_MOVE = YES;
				CLANG_WARN_UNGUARDED_AVAILABILITY = YES_AGGRESSIVE;
				CLANG_WARN_UNREACHABLE_CODE = YES;
				CLANG_WARN__DUPLICATE_METHOD_MATCH = YES;
				COPY_PHASE_STRIP = NO;
				DEBUG_INFORMATION_FORMAT = "dwarf-with-dsym";
				ENABLE_NS_ASSERTIONS = NO;
				ENABLE_STRICT_OBJC_MSGSEND = YES;
				GCC_C_LANGUAGE_STANDARD = gnu11;
				GCC_NO_COMMON_BLOCKS = YES;
				GCC_WARN_64_TO_32_BIT_CONVERSION = YES;
				GCC_WARN_ABOUT_RETURN_TYPE = YES_ERROR;
				GCC_WARN_UNDECLARED_SELECTOR = YES;
				GCC_WARN_UNINITIALIZED_AUTOS = YES_AGGRESSIVE;
				GCC_WARN_UNUSED_FUNCTION = YES;
				GCC_WARN_UNUSED_VARIABLE = YES;
				IPHONEOS_DEPLOYMENT_TARGET = 14.5;
				MTL_ENABLE_DEBUG_INFO = NO;
				MTL_FAST_MATH = YES;
				SDKROOT = iphoneos;
				SWIFT_COMPILATION_MODE = wholemodule;
				SWIFT_OPTIMIZATION_LEVEL = "-O";
				VALIDATE_PRODUCT = YES;
			};
			name = Release;
		};
		3D8AAFA926C563FB000667A0 /* Debug */ = {
			isa = XCBuildConfiguration;
			buildSettings = {
				ASSETCATALOG_COMPILER_APPICON_NAME = AppIcon;
				ASSETCATALOG_COMPILER_GLOBAL_ACCENT_COLOR_NAME = AccentColor;
				CODE_SIGN_STYLE = Automatic;
				INFOPLIST_FILE = EdgeDetection/Info.plist;
				LD_RUNPATH_SEARCH_PATHS = (
					"$(inherited)",
					"@executable_path/Frameworks",
				);
				PRODUCT_BUNDLE_IDENTIFIER = com.zalukovskiy.EdgeDetection;
				PRODUCT_NAME = "$(TARGET_NAME)";
				SWIFT_VERSION = 5.0;
				TARGETED_DEVICE_FAMILY = "1,2";
			};
			name = Debug;
		};
		3D8AAFAA26C563FB000667A0 /* Release */ = {
			isa = XCBuildConfiguration;
			buildSettings = {
				ASSETCATALOG_COMPILER_APPICON_NAME = AppIcon;
				ASSETCATALOG_COMPILER_GLOBAL_ACCENT_COLOR_NAME = AccentColor;
				CODE_SIGN_STYLE = Automatic;
				INFOPLIST_FILE = EdgeDetection/Info.plist;
				LD_RUNPATH_SEARCH_PATHS = (
					"$(inherited)",
					"@executable_path/Frameworks",
				);
				PRODUCT_BUNDLE_IDENTIFIER = com.zalukovskiy.EdgeDetection;
				PRODUCT_NAME = "$(TARGET_NAME)";
				SWIFT_VERSION = 5.0;
				TARGETED_DEVICE_FAMILY = "1,2";
			};
			name = Release;
		};
/* End XCBuildConfiguration section */

/* Begin XCConfigurationList section */
		3D8AAF8F26C563F6000667A0 /* Build configuration list for PBXProject "EdgeDetection" */ = {
			isa = XCConfigurationList;
			buildConfigurations = (
				3D8AAFA626C563FB000667A0 /* Debug */,
				3D8AAFA726C563FB000667A0 /* Release */,
			);
			defaultConfigurationIsVisible = 0;
			defaultConfigurationName = Release;
		};
		3D8AAFA826C563FB000667A0 /* Build configuration list for PBXNativeTarget "EdgeDetection" */ = {
			isa = XCConfigurationList;
			buildConfigurations = (
				3D8AAFA926C563FB000667A0 /* Debug */,
				3D8AAFAA26C563FB000667A0 /* Release */,
			);
			defaultConfigurationIsVisible = 0;
			defaultConfigurationName = Release;
		};
/* End XCConfigurationList section */
	};
	rootObject = 3D8AAF8C26C563F6000667A0 /* Project object */;
}
